
Microsoft Visual Studio Solution File, Format Version 12.00
# Visual Studio Version 17
VisualStudioVersion = 17.0.31919.166
MinimumVisualStudioVersion = 10.0.40219.1
Project("{9A19103F-16F7-4668-BE54-9A1E7A4F7556}") = "TestRunner", "TestRunner\TestRunner.csproj", "{36038FE4-F6CA-471D-8734-3B345F405914}"
EndProject
Project("{9A19103F-16F7-4668-BE54-9A1E7A4F7556}") = "TestAgent", "TestAgent\TestAgent.csproj", "{65E0A002-32F6-45BD-9BC4-E6F662116C5D}"
EndProject
Project("{9A19103F-16F7-4668-BE54-9A1E7A4F7556}") = "TestAgent.Framework.V7", "TestAgent.Framework\TestAgent.Framework.V7.csproj", "{6E0BC1F9-3AA1-41E6-A46E-5A2BCA9D138B}"
EndProject
Project("{9A19103F-16F7-4668-BE54-9A1E7A4F7556}") = "TestComms", "TestLogicApi\TestComms.csproj", "{1BAD83BE-455C-4AE1-9AE2-78DD698D9009}"
EndProject
Project("{9A19103F-16F7-4668-BE54-9A1E7A4F7556}") = "TestBehaviors.V7", "WireCompatibilityTests.RequestReply.Sender\TestBehaviors.V7.csproj", "{FE86118D-623B-4FC4-80BA-395EF263C83E}"
EndProject
Project("{FAE04EC0-301F-11D3-BF4B-00C04F79EFBC}") = "TestSuite", "TestSuite\TestSuite.csproj", "{88D2F63B-29C4-4BF4-B5A5-52A0551BFD12}"
EndProject
Global
	GlobalSection(SolutionConfigurationPlatforms) = preSolution
		Debug|Any CPU = Debug|Any CPU
		Release|Any CPU = Release|Any CPU
	EndGlobalSection
	GlobalSection(ProjectConfigurationPlatforms) = postSolution
		{36038FE4-F6CA-471D-8734-3B345F405914}.Debug|Any CPU.ActiveCfg = Debug|Any CPU
		{36038FE4-F6CA-471D-8734-3B345F405914}.Debug|Any CPU.Build.0 = Debug|Any CPU
		{36038FE4-F6CA-471D-8734-3B345F405914}.Release|Any CPU.ActiveCfg = Release|Any CPU
		{36038FE4-F6CA-471D-8734-3B345F405914}.Release|Any CPU.Build.0 = Release|Any CPU
		{65E0A002-32F6-45BD-9BC4-E6F662116C5D}.Debug|Any CPU.ActiveCfg = Debug|Any CPU
		{65E0A002-32F6-45BD-9BC4-E6F662116C5D}.Debug|Any CPU.Build.0 = Debug|Any CPU
		{65E0A002-32F6-45BD-9BC4-E6F662116C5D}.Release|Any CPU.ActiveCfg = Release|Any CPU
		{65E0A002-32F6-45BD-9BC4-E6F662116C5D}.Release|Any CPU.Build.0 = Release|Any CPU
		{6E0BC1F9-3AA1-41E6-A46E-5A2BCA9D138B}.Debug|Any CPU.ActiveCfg = Debug|Any CPU
		{6E0BC1F9-3AA1-41E6-A46E-5A2BCA9D138B}.Debug|Any CPU.Build.0 = Debug|Any CPU
		{6E0BC1F9-3AA1-41E6-A46E-5A2BCA9D138B}.Release|Any CPU.ActiveCfg = Release|Any CPU
		{6E0BC1F9-3AA1-41E6-A46E-5A2BCA9D138B}.Release|Any CPU.Build.0 = Release|Any CPU
		{1BAD83BE-455C-4AE1-9AE2-78DD698D9009}.Debug|Any CPU.ActiveCfg = Debug|Any CPU
		{1BAD83BE-455C-4AE1-9AE2-78DD698D9009}.Debug|Any CPU.Build.0 = Debug|Any CPU
		{1BAD83BE-455C-4AE1-9AE2-78DD698D9009}.Release|Any CPU.ActiveCfg = Release|Any CPU
		{1BAD83BE-455C-4AE1-9AE2-78DD698D9009}.Release|Any CPU.Build.0 = Release|Any CPU
		{FE86118D-623B-4FC4-80BA-395EF263C83E}.Debug|Any CPU.ActiveCfg = Debug|Any CPU
		{FE86118D-623B-4FC4-80BA-395EF263C83E}.Debug|Any CPU.Build.0 = Debug|Any CPU
		{FE86118D-623B-4FC4-80BA-395EF263C83E}.Release|Any CPU.ActiveCfg = Release|Any CPU
		{FE86118D-623B-4FC4-80BA-395EF263C83E}.Release|Any CPU.Build.0 = Release|Any CPU
		{88D2F63B-29C4-4BF4-B5A5-52A0551BFD12}.Debug|Any CPU.ActiveCfg = Debug|Any CPU
		{88D2F63B-29C4-4BF4-B5A5-52A0551BFD12}.Debug|Any CPU.Build.0 = Debug|Any CPU
		{88D2F63B-29C4-4BF4-B5A5-52A0551BFD12}.Release|Any CPU.ActiveCfg = Release|Any CPU
		{88D2F63B-29C4-4BF4-B5A5-52A0551BFD12}.Release|Any CPU.Build.0 = Release|Any CPU
	EndGlobalSection
	GlobalSection(SolutionProperties) = preSolution
		HideSolutionNode = FALSE
	EndGlobalSection
	GlobalSection(ExtensibilityGlobals) = postSolution
		SolutionGuid = {DEFD67CE-A7CD-4858-8D8F-4CAC66DAF151}
	EndGlobalSection
EndGlobal
