
Microsoft Visual Studio Solution File, Format Version 12.00
# Visual Studio Version 17
VisualStudioVersion = 17.0.31919.166
MinimumVisualStudioVersion = 10.0.40219.1
Project("{2150E333-8FDC-42A3-9474-1A3956D46DE8}") = "Shared", "Shared", "{69930DFB-8C38-4E90-A570-BCDE7740870E}"
EndProject
Project("{2150E333-8FDC-42A3-9474-1A3956D46DE8}") = "InRepository", "InRepository", "{31573A75-FE00-44C0-9D08-A8592003A4EC}"
EndProject
Project("{2150E333-8FDC-42A3-9474-1A3956D46DE8}") = "Generated", "Generated", "{C7C5D761-C2E5-4D83-B22B-0CD55D1F15BC}"
EndProject
Project("{FAE04EC0-301F-11D3-BF4B-00C04F79EFBC}") = "TestSuite", "InRepository\TestSuite\TestSuite.csproj", "{E942BA79-B9A9-4D2B-8039-6A053F7180D7}"
EndProject
Project("{FAE04EC0-301F-11D3-BF4B-00C04F79EFBC}") = "TestBehaviors.V7", "InRepository\TestBehaviors.V7\TestBehaviors.V7.csproj", "{2F317278-E590-4CC0-A39B-13C485BA4476}"
EndProject
Project("{FAE04EC0-301F-11D3-BF4B-00C04F79EFBC}") = "TestAgent.Framework.V7", "Shared\TestAgent.Framework.V7.Framework\TestAgent.Framework.V7.csproj", "{53F25FB0-33A2-4C07-9995-71E078B39CE6}"
EndProject
Project("{FAE04EC0-301F-11D3-BF4B-00C04F79EFBC}") = "TestComms", "Shared\TestComms\TestComms.csproj", "{9D1BAF05-E4BA-4E75-A47E-4E39C954DB04}"
EndProject
Project("{FAE04EC0-301F-11D3-BF4B-00C04F79EFBC}") = "TestRunner", "Shared\TestRunner\TestRunner.csproj", "{D6362279-DD20-4DEC-93DF-D2CA80C0C91C}"
EndProject
Project("{FAE04EC0-301F-11D3-BF4B-00C04F79EFBC}") = "TestBehaviors.V8", "InRepository\TestBehaviors.V8\TestBehaviors.V8.csproj", "{31CB2248-46AD-4775-B22A-6ED3CD9929B0}"
EndProject
Project("{FAE04EC0-301F-11D3-BF4B-00C04F79EFBC}") = "TestAgent.V7", "InRepository\Generated\TestAgent.V7\TestAgent.V7.csproj", "{7C82388C-3C91-408F-A6A6-893F7705A19D}"
EndProject
Project("{FAE04EC0-301F-11D3-BF4B-00C04F79EFBC}") = "TestAgent.V8", "InRepository\Generated\TestAgent.V8\TestAgent.V8.csproj", "{F49E431B-5B4C-4126-8B23-0430B26C3B17}"
EndProject
Project("{FAE04EC0-301F-11D3-BF4B-00C04F79EFBC}") = "TestBehaviors.Messages", "InRepository\TestBehaviors.Messages\TestBehaviors.Messages.csproj", "{779E0358-4ACA-4B3B-91AE-F86FA695F114}"
EndProject
Project("{FAE04EC0-301F-11D3-BF4B-00C04F79EFBC}") = "TestAgent.Framework.V8", "Shared\TestAgent.Framework.V8.Framework\TestAgent.Framework.V8.csproj", "{4D51BBC0-6F51-4A3A-8BF7-A2C72540AE37}"
EndProject
Global
	GlobalSection(SolutionConfigurationPlatforms) = preSolution
		Debug|Any CPU = Debug|Any CPU
		Release|Any CPU = Release|Any CPU
	EndGlobalSection
	GlobalSection(ProjectConfigurationPlatforms) = postSolution
		{E942BA79-B9A9-4D2B-8039-6A053F7180D7}.Debug|Any CPU.ActiveCfg = Debug|Any CPU
		{E942BA79-B9A9-4D2B-8039-6A053F7180D7}.Debug|Any CPU.Build.0 = Debug|Any CPU
		{E942BA79-B9A9-4D2B-8039-6A053F7180D7}.Release|Any CPU.ActiveCfg = Release|Any CPU
		{E942BA79-B9A9-4D2B-8039-6A053F7180D7}.Release|Any CPU.Build.0 = Release|Any CPU
		{2F317278-E590-4CC0-A39B-13C485BA4476}.Debug|Any CPU.ActiveCfg = Debug|Any CPU
		{2F317278-E590-4CC0-A39B-13C485BA4476}.Debug|Any CPU.Build.0 = Debug|Any CPU
		{2F317278-E590-4CC0-A39B-13C485BA4476}.Release|Any CPU.ActiveCfg = Release|Any CPU
		{2F317278-E590-4CC0-A39B-13C485BA4476}.Release|Any CPU.Build.0 = Release|Any CPU
		{53F25FB0-33A2-4C07-9995-71E078B39CE6}.Debug|Any CPU.ActiveCfg = Debug|Any CPU
		{53F25FB0-33A2-4C07-9995-71E078B39CE6}.Debug|Any CPU.Build.0 = Debug|Any CPU
		{53F25FB0-33A2-4C07-9995-71E078B39CE6}.Release|Any CPU.ActiveCfg = Release|Any CPU
		{53F25FB0-33A2-4C07-9995-71E078B39CE6}.Release|Any CPU.Build.0 = Release|Any CPU
		{9D1BAF05-E4BA-4E75-A47E-4E39C954DB04}.Debug|Any CPU.ActiveCfg = Debug|Any CPU
		{9D1BAF05-E4BA-4E75-A47E-4E39C954DB04}.Debug|Any CPU.Build.0 = Debug|Any CPU
		{9D1BAF05-E4BA-4E75-A47E-4E39C954DB04}.Release|Any CPU.ActiveCfg = Release|Any CPU
		{9D1BAF05-E4BA-4E75-A47E-4E39C954DB04}.Release|Any CPU.Build.0 = Release|Any CPU
		{D6362279-DD20-4DEC-93DF-D2CA80C0C91C}.Debug|Any CPU.ActiveCfg = Debug|Any CPU
		{D6362279-DD20-4DEC-93DF-D2CA80C0C91C}.Debug|Any CPU.Build.0 = Debug|Any CPU
		{D6362279-DD20-4DEC-93DF-D2CA80C0C91C}.Release|Any CPU.ActiveCfg = Release|Any CPU
		{D6362279-DD20-4DEC-93DF-D2CA80C0C91C}.Release|Any CPU.Build.0 = Release|Any CPU
		{31CB2248-46AD-4775-B22A-6ED3CD9929B0}.Debug|Any CPU.ActiveCfg = Debug|Any CPU
		{31CB2248-46AD-4775-B22A-6ED3CD9929B0}.Debug|Any CPU.Build.0 = Debug|Any CPU
		{31CB2248-46AD-4775-B22A-6ED3CD9929B0}.Release|Any CPU.ActiveCfg = Release|Any CPU
		{31CB2248-46AD-4775-B22A-6ED3CD9929B0}.Release|Any CPU.Build.0 = Release|Any CPU
		{7C82388C-3C91-408F-A6A6-893F7705A19D}.Debug|Any CPU.ActiveCfg = Debug|Any CPU
		{7C82388C-3C91-408F-A6A6-893F7705A19D}.Debug|Any CPU.Build.0 = Debug|Any CPU
		{7C82388C-3C91-408F-A6A6-893F7705A19D}.Release|Any CPU.ActiveCfg = Release|Any CPU
		{7C82388C-3C91-408F-A6A6-893F7705A19D}.Release|Any CPU.Build.0 = Release|Any CPU
		{F49E431B-5B4C-4126-8B23-0430B26C3B17}.Debug|Any CPU.ActiveCfg = Debug|Any CPU
		{F49E431B-5B4C-4126-8B23-0430B26C3B17}.Debug|Any CPU.Build.0 = Debug|Any CPU
		{F49E431B-5B4C-4126-8B23-0430B26C3B17}.Release|Any CPU.ActiveCfg = Release|Any CPU
		{F49E431B-5B4C-4126-8B23-0430B26C3B17}.Release|Any CPU.Build.0 = Release|Any CPU
		{779E0358-4ACA-4B3B-91AE-F86FA695F114}.Debug|Any CPU.ActiveCfg = Debug|Any CPU
		{779E0358-4ACA-4B3B-91AE-F86FA695F114}.Debug|Any CPU.Build.0 = Debug|Any CPU
		{779E0358-4ACA-4B3B-91AE-F86FA695F114}.Release|Any CPU.ActiveCfg = Release|Any CPU
		{779E0358-4ACA-4B3B-91AE-F86FA695F114}.Release|Any CPU.Build.0 = Release|Any CPU
		{4D51BBC0-6F51-4A3A-8BF7-A2C72540AE37}.Debug|Any CPU.ActiveCfg = Debug|Any CPU
		{4D51BBC0-6F51-4A3A-8BF7-A2C72540AE37}.Debug|Any CPU.Build.0 = Debug|Any CPU
		{4D51BBC0-6F51-4A3A-8BF7-A2C72540AE37}.Release|Any CPU.ActiveCfg = Release|Any CPU
		{4D51BBC0-6F51-4A3A-8BF7-A2C72540AE37}.Release|Any CPU.Build.0 = Release|Any CPU
	EndGlobalSection
	GlobalSection(SolutionProperties) = preSolution
		HideSolutionNode = FALSE
	EndGlobalSection
	GlobalSection(NestedProjects) = preSolution
		{C7C5D761-C2E5-4D83-B22B-0CD55D1F15BC} = {31573A75-FE00-44C0-9D08-A8592003A4EC}
		{E942BA79-B9A9-4D2B-8039-6A053F7180D7} = {31573A75-FE00-44C0-9D08-A8592003A4EC}
		{2F317278-E590-4CC0-A39B-13C485BA4476} = {31573A75-FE00-44C0-9D08-A8592003A4EC}
		{53F25FB0-33A2-4C07-9995-71E078B39CE6} = {69930DFB-8C38-4E90-A570-BCDE7740870E}
		{9D1BAF05-E4BA-4E75-A47E-4E39C954DB04} = {69930DFB-8C38-4E90-A570-BCDE7740870E}
		{D6362279-DD20-4DEC-93DF-D2CA80C0C91C} = {69930DFB-8C38-4E90-A570-BCDE7740870E}
		{31CB2248-46AD-4775-B22A-6ED3CD9929B0} = {31573A75-FE00-44C0-9D08-A8592003A4EC}
		{7C82388C-3C91-408F-A6A6-893F7705A19D} = {C7C5D761-C2E5-4D83-B22B-0CD55D1F15BC}
		{F49E431B-5B4C-4126-8B23-0430B26C3B17} = {C7C5D761-C2E5-4D83-B22B-0CD55D1F15BC}
		{779E0358-4ACA-4B3B-91AE-F86FA695F114} = {31573A75-FE00-44C0-9D08-A8592003A4EC}
		{4D51BBC0-6F51-4A3A-8BF7-A2C72540AE37} = {69930DFB-8C38-4E90-A570-BCDE7740870E}
	EndGlobalSection
	GlobalSection(ExtensibilityGlobals) = postSolution
		SolutionGuid = {DEFD67CE-A7CD-4858-8D8F-4CAC66DAF151}
	EndGlobalSection
EndGlobal
